
Microsoft Visual Studio Solution File, Format Version 12.00
# Visual Studio Version 17
VisualStudioVersion = 17.0.31903.59
MinimumVisualStudioVersion = 10.0.40219.1
Project("{FAE04EC0-301F-11D3-BF4B-00C04F79EFBC}") = "CaseManagement.Api", "CaseManagement.Api\CaseManagement.Api.csproj", "{1C8DF8EF-B7FE-4371-95B9-4AC7D2AEC925}"
EndProject
Project("{FAE04EC0-301F-11D3-BF4B-00C04F79EFBC}") = "CaseManagement.Api.Tests", "CaseManagement.Api.Tests\CaseManagement.Api.Tests.csproj", "{2034F4B6-F1EE-4878-934B-15493562FF80}"
EndProject
Global
	GlobalSection(SolutionConfigurationPlatforms) = preSolution
		Debug|Any CPU = Debug|Any CPU
		Debug|x64 = Debug|x64
		Debug|x86 = Debug|x86
		Release|Any CPU = Release|Any CPU
		Release|x64 = Release|x64
		Release|x86 = Release|x86
	EndGlobalSection
	GlobalSection(ProjectConfigurationPlatforms) = postSolution
		{1C8DF8EF-B7FE-4371-95B9-4AC7D2AEC925}.Debug|Any CPU.ActiveCfg = Debug|Any CPU
		{1C8DF8EF-B7FE-4371-95B9-4AC7D2AEC925}.Debug|Any CPU.Build.0 = Debug|Any CPU
		{1C8DF8EF-B7FE-4371-95B9-4AC7D2AEC925}.Debug|x64.ActiveCfg = Debug|Any CPU
		{1C8DF8EF-B7FE-4371-95B9-4AC7D2AEC925}.Debug|x64.Build.0 = Debug|Any CPU
		{1C8DF8EF-B7FE-4371-95B9-4AC7D2AEC925}.Debug|x86.ActiveCfg = Debug|Any CPU
		{1C8DF8EF-B7FE-4371-95B9-4AC7D2AEC925}.Debug|x86.Build.0 = Debug|Any CPU
		{1C8DF8EF-B7FE-4371-95B9-4AC7D2AEC925}.Release|Any CPU.ActiveCfg = Release|Any CPU
		{1C8DF8EF-B7FE-4371-95B9-4AC7D2AEC925}.Release|Any CPU.Build.0 = Release|Any CPU
		{1C8DF8EF-B7FE-4371-95B9-4AC7D2AEC925}.Release|x64.ActiveCfg = Release|Any CPU
		{1C8DF8EF-B7FE-4371-95B9-4AC7D2AEC925}.Release|x64.Build.0 = Release|Any CPU
		{1C8DF8EF-B7FE-4371-95B9-4AC7D2AEC925}.Release|x86.ActiveCfg = Release|Any CPU
		{1C8DF8EF-B7FE-4371-95B9-4AC7D2AEC925}.Release|x86.Build.0 = Release|Any CPU
		{2034F4B6-F1EE-4878-934B-15493562FF80}.Debug|Any CPU.ActiveCfg = Debug|Any CPU
		{2034F4B6-F1EE-4878-934B-15493562FF80}.Debug|Any CPU.Build.0 = Debug|Any CPU
		{2034F4B6-F1EE-4878-934B-15493562FF80}.Debug|x64.ActiveCfg = Debug|Any CPU
		{2034F4B6-F1EE-4878-934B-15493562FF80}.Debug|x64.Build.0 = Debug|Any CPU
		{2034F4B6-F1EE-4878-934B-15493562FF80}.Debug|x86.ActiveCfg = Debug|Any CPU
		{2034F4B6-F1EE-4878-934B-15493562FF80}.Debug|x86.Build.0 = Debug|Any CPU
		{2034F4B6-F1EE-4878-934B-15493562FF80}.Release|Any CPU.ActiveCfg = Release|Any CPU
		{2034F4B6-F1EE-4878-934B-15493562FF80}.Release|Any CPU.Build.0 = Release|Any CPU
		{2034F4B6-F1EE-4878-934B-15493562FF80}.Release|x64.ActiveCfg = Release|Any CPU
		{2034F4B6-F1EE-4878-934B-15493562FF80}.Release|x64.Build.0 = Release|Any CPU
		{2034F4B6-F1EE-4878-934B-15493562FF80}.Release|x86.ActiveCfg = Release|Any CPU
		{2034F4B6-F1EE-4878-934B-15493562FF80}.Release|x86.Build.0 = Release|Any CPU
	EndGlobalSection
	GlobalSection(SolutionProperties) = preSolution
		HideSolutionNode = FALSE
	EndGlobalSection
EndGlobal
